
Microsoft Visual Studio Solution File, Format Version 12.00
# Visual Studio Version 17
VisualStudioVersion = 17.13.35931.197
MinimumVisualStudioVersion = 10.0.40219.1
Project("{FAE04EC0-301F-11D3-BF4B-00C04F79EFBC}") = "NetCoreAI.Project1_ApiDemo", "NetCoreAI.Project1_ApiDemo\NetCoreAI.Project1_ApiDemo.csproj", "{2131D3E6-87A9-4446-9597-45FF5912232E}"
EndProject
Project("{FAE04EC0-301F-11D3-BF4B-00C04F79EFBC}") = "NetCoreAI.Project2_ApiConsumeUI", "NetCoreAI.Project2_ApiConsumeUI\NetCoreAI.Project2_ApiConsumeUI.csproj", "{DE68F735-22A5-4D13-AD7D-367D1646D039}"
EndProject
Project("{FAE04EC0-301F-11D3-BF4B-00C04F79EFBC}") = "NetCoreAI.Project3_RapidApi", "NetCoreAI.Project3_RapidApi\NetCoreAI.Project3_RapidApi.csproj", "{03366561-F595-4AD3-B5F3-2E115ADE4B76}"
EndProject
Project("{FAE04EC0-301F-11D3-BF4B-00C04F79EFBC}") = "NetCoreAI.Project4_Api_OpenAIChat", "NetCoreAI.Project4_Api_OpenAIChat\NetCoreAI.Project4_Api_OpenAIChat.csproj", "{8FB6C6DA-7535-447E-98CB-721E6F647C32}"
EndProject
Project("{FAE04EC0-301F-11D3-BF4B-00C04F79EFBC}") = "NetCoreAI.Project4.5_GeminiChat", "NetCoreAI.Project4.5_GeminiChat\NetCoreAI.Project4.5_GeminiChat.csproj", "{9D5FB31F-12BE-442F-9797-F9C39F80BF46}"
EndProject
Project("{FAE04EC0-301F-11D3-BF4B-00C04F79EFBC}") = "NetCoreAI.Project5_OpenAISpeechToText", "NetCoreAI.Project5_OpenAISpeechToText\NetCoreAI.Project5_OpenAISpeechToText.csproj", "{7C177DA7-CB44-4E3C-A398-06ACC8B98E13}"
EndProject
Project("{FAE04EC0-301F-11D3-BF4B-00C04F79EFBC}") = "NetCoreAI.Project6_DallEImageGeneration", "NetCoreAI.Project6_DallEImageGeneration\NetCoreAI.Project6_DallEImageGeneration.csproj", "{CF246B9A-0ACC-4E1E-92FC-3963636B8CD8}"
EndProject
Global
	GlobalSection(SolutionConfigurationPlatforms) = preSolution
		Debug|Any CPU = Debug|Any CPU
		Release|Any CPU = Release|Any CPU
	EndGlobalSection
	GlobalSection(ProjectConfigurationPlatforms) = postSolution
		{2131D3E6-87A9-4446-9597-45FF5912232E}.Debug|Any CPU.ActiveCfg = Debug|Any CPU
		{2131D3E6-87A9-4446-9597-45FF5912232E}.Debug|Any CPU.Build.0 = Debug|Any CPU
		{2131D3E6-87A9-4446-9597-45FF5912232E}.Release|Any CPU.ActiveCfg = Release|Any CPU
		{2131D3E6-87A9-4446-9597-45FF5912232E}.Release|Any CPU.Build.0 = Release|Any CPU
		{DE68F735-22A5-4D13-AD7D-367D1646D039}.Debug|Any CPU.ActiveCfg = Debug|Any CPU
		{DE68F735-22A5-4D13-AD7D-367D1646D039}.Debug|Any CPU.Build.0 = Debug|Any CPU
		{DE68F735-22A5-4D13-AD7D-367D1646D039}.Release|Any CPU.ActiveCfg = Release|Any CPU
		{DE68F735-22A5-4D13-AD7D-367D1646D039}.Release|Any CPU.Build.0 = Release|Any CPU
		{03366561-F595-4AD3-B5F3-2E115ADE4B76}.Debug|Any CPU.ActiveCfg = Debug|Any CPU
		{03366561-F595-4AD3-B5F3-2E115ADE4B76}.Debug|Any CPU.Build.0 = Debug|Any CPU
		{03366561-F595-4AD3-B5F3-2E115ADE4B76}.Release|Any CPU.ActiveCfg = Release|Any CPU
		{03366561-F595-4AD3-B5F3-2E115ADE4B76}.Release|Any CPU.Build.0 = Release|Any CPU
		{8FB6C6DA-7535-447E-98CB-721E6F647C32}.Debug|Any CPU.ActiveCfg = Debug|Any CPU
		{8FB6C6DA-7535-447E-98CB-721E6F647C32}.Debug|Any CPU.Build.0 = Debug|Any CPU
		{8FB6C6DA-7535-447E-98CB-721E6F647C32}.Release|Any CPU.ActiveCfg = Release|Any CPU
		{8FB6C6DA-7535-447E-98CB-721E6F647C32}.Release|Any CPU.Build.0 = Release|Any CPU
		{9D5FB31F-12BE-442F-9797-F9C39F80BF46}.Debug|Any CPU.ActiveCfg = Debug|Any CPU
		{9D5FB31F-12BE-442F-9797-F9C39F80BF46}.Debug|Any CPU.Build.0 = Debug|Any CPU
		{9D5FB31F-12BE-442F-9797-F9C39F80BF46}.Release|Any CPU.ActiveCfg = Release|Any CPU
		{9D5FB31F-12BE-442F-9797-F9C39F80BF46}.Release|Any CPU.Build.0 = Release|Any CPU
		{7C177DA7-CB44-4E3C-A398-06ACC8B98E13}.Debug|Any CPU.ActiveCfg = Debug|Any CPU
		{7C177DA7-CB44-4E3C-A398-06ACC8B98E13}.Debug|Any CPU.Build.0 = Debug|Any CPU
		{7C177DA7-CB44-4E3C-A398-06ACC8B98E13}.Release|Any CPU.ActiveCfg = Release|Any CPU
		{7C177DA7-CB44-4E3C-A398-06ACC8B98E13}.Release|Any CPU.Build.0 = Release|Any CPU
		{CF246B9A-0ACC-4E1E-92FC-3963636B8CD8}.Debug|Any CPU.ActiveCfg = Debug|Any CPU
		{CF246B9A-0ACC-4E1E-92FC-3963636B8CD8}.Debug|Any CPU.Build.0 = Debug|Any CPU
		{CF246B9A-0ACC-4E1E-92FC-3963636B8CD8}.Release|Any CPU.ActiveCfg = Release|Any CPU
		{CF246B9A-0ACC-4E1E-92FC-3963636B8CD8}.Release|Any CPU.Build.0 = Release|Any CPU
	EndGlobalSection
	GlobalSection(SolutionProperties) = preSolution
		HideSolutionNode = FALSE
	EndGlobalSection
	GlobalSection(ExtensibilityGlobals) = postSolution
		SolutionGuid = {EFEC410C-010A-4356-BB5F-DBF40AB34A20}
	EndGlobalSection
EndGlobal
